// !$*UTF8*$!
{
	archiveVersion = 1;
	classes = {
	};
	objectVersion = 50;
	objects = {

/* Begin PBXBuildFile section */
		63793F09277D83BB001687FD /* RepoA.swift in Sources */ = {isa = PBXBuildFile; fileRef = 63793ECA277D8146001687FD /* RepoA.swift */; };
		63793F3E277D8D9E001687FD /* RepoC.framework in Frameworks */ = {isa = PBXBuildFile; fileRef = 63793F3D277D8D9E001687FD /* RepoC.framework */; };
		63F2F3A0277D803E00BA105F /* RepoA.framework in Frameworks */ = {isa = PBXBuildFile; fileRef = 63F2F396277D803E00BA105F /* RepoA.framework */; };
		63F2F3A5277D803E00BA105F /* RepoATests.swift in Sources */ = {isa = PBXBuildFile; fileRef = 63F2F3A4277D803E00BA105F /* RepoATests.swift */; };
		63F2F3A7277D803E00BA105F /* RepoA.h in Headers */ = {isa = PBXBuildFile; fileRef = 63F2F399277D803E00BA105F /* RepoA.h */; settings = {ATTRIBUTES = (Public, ); }; };
/* End PBXBuildFile section */

/* Begin PBXContainerItemProxy section */
		63F2F3A1277D803E00BA105F /* PBXContainerItemProxy */ = {
			isa = PBXContainerItemProxy;
			containerPortal = 63F2F38D277D803E00BA105F /* Project object */;
			proxyType = 1;
			remoteGlobalIDString = 63F2F395277D803E00BA105F;
			remoteInfo = RepoA;
		};
/* End PBXContainerItemProxy section */

/* Begin PBXFileReference section */
		63793ECA277D8146001687FD /* RepoA.swift */ = {isa = PBXFileReference; lastKnownFileType = sourcecode.swift; path = RepoA.swift; sourceTree = "<group>"; };
		63793F3D277D8D9E001687FD /* RepoC.framework */ = {isa = PBXFileReference; explicitFileType = wrapper.framework; path = RepoC.framework; sourceTree = BUILT_PRODUCTS_DIR; };
		63F2F396277D803E00BA105F /* RepoA.framework */ = {isa = PBXFileReference; explicitFileType = wrapper.framework; includeInIndex = 0; path = RepoA.framework; sourceTree = BUILT_PRODUCTS_DIR; };
		63F2F399277D803E00BA105F /* RepoA.h */ = {isa = PBXFileReference; lastKnownFileType = sourcecode.c.h; path = RepoA.h; sourceTree = "<group>"; };
		63F2F39A277D803E00BA105F /* Info.plist */ = {isa = PBXFileReference; lastKnownFileType = text.plist.xml; path = Info.plist; sourceTree = "<group>"; };
		63F2F39F277D803E00BA105F /* RepoATests.xctest */ = {isa = PBXFileReference; explicitFileType = wrapper.cfbundle; includeInIndex = 0; path = RepoATests.xctest; sourceTree = BUILT_PRODUCTS_DIR; };
		63F2F3A4277D803E00BA105F /* RepoATests.swift */ = {isa = PBXFileReference; lastKnownFileType = sourcecode.swift; path = RepoATests.swift; sourceTree = "<group>"; };
		63F2F3A6277D803E00BA105F /* Info.plist */ = {isa = PBXFileReference; lastKnownFileType = text.plist.xml; path = Info.plist; sourceTree = "<group>"; };
/* End PBXFileReference section */

/* Begin PBXFrameworksBuildPhase section */
		63F2F393277D803E00BA105F /* Frameworks */ = {
			isa = PBXFrameworksBuildPhase;
			buildActionMask = 2147483647;
			files = (
				63793F3E277D8D9E001687FD /* RepoC.framework in Frameworks */,
			);
			runOnlyForDeploymentPostprocessing = 0;
		};
		63F2F39C277D803E00BA105F /* Frameworks */ = {
			isa = PBXFrameworksBuildPhase;
			buildActionMask = 2147483647;
			files = (
				63F2F3A0277D803E00BA105F /* RepoA.framework in Frameworks */,
			);
			runOnlyForDeploymentPostprocessing = 0;
		};
/* End PBXFrameworksBuildPhase section */

/* Begin PBXGroup section */
		63793EC9277D8146001687FD /* RepoASource */ = {
			isa = PBXGroup;
			children = (
				63793ECA277D8146001687FD /* RepoA.swift */,
			);
			path = RepoASource;
			sourceTree = "<group>";
		};
		63793F29277D8596001687FD /* Frameworks */ = {
			isa = PBXGroup;
			children = (
				63793F3D277D8D9E001687FD /* RepoC.framework */,
			);
			name = Frameworks;
			sourceTree = "<group>";
		};
		63F2F38C277D803E00BA105F = {
			isa = PBXGroup;
			children = (
				63F2F398277D803E00BA105F /* RepoA */,
				63793EC9277D8146001687FD /* RepoASource */,
				63F2F3A3277D803E00BA105F /* RepoATests */,
				63F2F397277D803E00BA105F /* Products */,
				63793F29277D8596001687FD /* Frameworks */,
			);
			sourceTree = "<group>";
		};
		63F2F397277D803E00BA105F /* Products */ = {
			isa = PBXGroup;
			children = (
				63F2F396277D803E00BA105F /* RepoA.framework */,
				63F2F39F277D803E00BA105F /* RepoATests.xctest */,
			);
			name = Products;
			sourceTree = "<group>";
		};
		63F2F398277D803E00BA105F /* RepoA */ = {
			isa = PBXGroup;
			children = (
				63F2F399277D803E00BA105F /* RepoA.h */,
				63F2F39A277D803E00BA105F /* Info.plist */,
			);
			path = RepoA;
			sourceTree = "<group>";
		};
		63F2F3A3277D803E00BA105F /* RepoATests */ = {
			isa = PBXGroup;
			children = (
				63F2F3A4277D803E00BA105F /* RepoATests.swift */,
				63F2F3A6277D803E00BA105F /* Info.plist */,
			);
			path = RepoATests;
			sourceTree = "<group>";
		};
/* End PBXGroup section */

/* Begin PBXHeadersBuildPhase section */
		63F2F391277D803E00BA105F /* Headers */ = {
			isa = PBXHeadersBuildPhase;
			buildActionMask = 2147483647;
			files = (
				63F2F3A7277D803E00BA105F /* RepoA.h in Headers */,
			);
			runOnlyForDeploymentPostprocessing = 0;
		};
/* End PBXHeadersBuildPhase section */

/* Begin PBXNativeTarget section */
		63F2F395277D803E00BA105F /* RepoA */ = {
			isa = PBXNativeTarget;
			buildConfigurationList = 63F2F3AA277D803E00BA105F /* Build configuration list for PBXNativeTarget "RepoA" */;
			buildPhases = (
				63F2F391277D803E00BA105F /* Headers */,
				63F2F392277D803E00BA105F /* Sources */,
				63F2F393277D803E00BA105F /* Frameworks */,
				63F2F394277D803E00BA105F /* Resources */,
			);
			buildRules = (
			);
			dependencies = (
			);
			name = RepoA;
			productName = RepoA;
			productReference = 63F2F396277D803E00BA105F /* RepoA.framework */;
			productType = "com.apple.product-type.framework";
		};
		63F2F39E277D803E00BA105F /* RepoATests */ = {
			isa = PBXNativeTarget;
			buildConfigurationList = 63F2F3AD277D803E00BA105F /* Build configuration list for PBXNativeTarget "RepoATests" */;
			buildPhases = (
				63F2F39B277D803E00BA105F /* Sources */,
				63F2F39C277D803E00BA105F /* Frameworks */,
				63F2F39D277D803E00BA105F /* Resources */,
			);
			buildRules = (
			);
			dependencies = (
				63F2F3A2277D803E00BA105F /* PBXTargetDependency */,
			);
			name = RepoATests;
			productName = RepoATests;
			productReference = 63F2F39F277D803E00BA105F /* RepoATests.xctest */;
			productType = "com.apple.product-type.bundle.unit-test";
		};
/* End PBXNativeTarget section */

/* Begin PBXProject section */
		63F2F38D277D803E00BA105F /* Project object */ = {
			isa = PBXProject;
			attributes = {
				LastSwiftUpdateCheck = 1250;
				LastUpgradeCheck = 1250;
				TargetAttributes = {
					63F2F395277D803E00BA105F = {
						CreatedOnToolsVersion = 12.5.1;
					};
					63F2F39E277D803E00BA105F = {
						CreatedOnToolsVersion = 12.5.1;
					};
				};
			};
			buildConfigurationList = 63F2F390277D803E00BA105F /* Build configuration list for PBXProject "RepoA" */;
			compatibilityVersion = "Xcode 9.3";
			developmentRegion = en;
			hasScannedForEncodings = 0;
			knownRegions = (
				en,
				Base,
			);
			mainGroup = 63F2F38C277D803E00BA105F;
			productRefGroup = 63F2F397277D803E00BA105F /* Products */;
			projectDirPath = "";
			projectRoot = "";
			targets = (
				63F2F395277D803E00BA105F /* RepoA */,
				63F2F39E277D803E00BA105F /* RepoATests */,
			);
		};
/* End PBXProject section */

/* Begin PBXResourcesBuildPhase section */
		63F2F394277D803E00BA105F /* Resources */ = {
			isa = PBXResourcesBuildPhase;
			buildActionMask = 2147483647;
			files = (
			);
			runOnlyForDeploymentPostprocessing = 0;
		};
		63F2F39D277D803E00BA105F /* Resources */ = {
			isa = PBXResourcesBuildPhase;
			buildActionMask = 2147483647;
			files = (
			);
			runOnlyForDeploymentPostprocessing = 0;
		};
/* End PBXResourcesBuildPhase section */

/* Begin PBXSourcesBuildPhase section */
		63F2F392277D803E00BA105F /* Sources */ = {
			isa = PBXSourcesBuildPhase;
			buildActionMask = 2147483647;
			files = (
				63793F09277D83BB001687FD /* RepoA.swift in Sources */,
			);
			runOnlyForDeploymentPostprocessing = 0;
		};
		63F2F39B277D803E00BA105F /* Sources */ = {
			isa = PBXSourcesBuildPhase;
			buildActionMask = 2147483647;
			files = (
				63F2F3A5277D803E00BA105F /* RepoATests.swift in Sources */,
			);
			runOnlyForDeploymentPostprocessing = 0;
		};
/* End PBXSourcesBuildPhase section */

/* Begin PBXTargetDependency section */
		63F2F3A2277D803E00BA105F /* PBXTargetDependency */ = {
			isa = PBXTargetDependency;
			target = 63F2F395277D803E00BA105F /* RepoA */;
			targetProxy = 63F2F3A1277D803E00BA105F /* PBXContainerItemProxy */;
		};
/* End PBXTargetDependency section */

/* Begin XCBuildConfiguration section */
		63F2F3A8277D803E00BA105F /* Debug */ = {
			isa = XCBuildConfiguration;
			buildSettings = {
				ALWAYS_SEARCH_USER_PATHS = NO;
				CLANG_ANALYZER_NONNULL = YES;
				CLANG_ANALYZER_NUMBER_OBJECT_CONVERSION = YES_AGGRESSIVE;
				CLANG_CXX_LANGUAGE_STANDARD = "gnu++14";
				CLANG_CXX_LIBRARY = "libc++";
				CLANG_ENABLE_MODULES = YES;
				CLANG_ENABLE_OBJC_ARC = YES;
				CLANG_ENABLE_OBJC_WEAK = YES;
				CLANG_WARN_BLOCK_CAPTURE_AUTORELEASING = YES;
				CLANG_WARN_BOOL_CONVERSION = YES;
				CLANG_WARN_COMMA = YES;
				CLANG_WARN_CONSTANT_CONVERSION = YES;
				CLANG_WARN_DEPRECATED_OBJC_IMPLEMENTATIONS = YES;
				CLANG_WARN_DIRECT_OBJC_ISA_USAGE = YES_ERROR;
				CLANG_WARN_DOCUMENTATION_COMMENTS = YES;
				CLANG_WARN_EMPTY_BODY = YES;
				CLANG_WARN_ENUM_CONVERSION = YES;
				CLANG_WARN_INFINITE_RECURSION = YES;
				CLANG_WARN_INT_CONVERSION = YES;
				CLANG_WARN_NON_LITERAL_NULL_CONVERSION = YES;
				CLANG_WARN_OBJC_IMPLICIT_RETAIN_SELF = YES;
				CLANG_WARN_OBJC_LITERAL_CONVERSION = YES;
				CLANG_WARN_OBJC_ROOT_CLASS = YES_ERROR;
				CLANG_WARN_QUOTED_INCLUDE_IN_FRAMEWORK_HEADER = YES;
				CLANG_WARN_RANGE_LOOP_ANALYSIS = YES;
				CLANG_WARN_STRICT_PROTOTYPES = YES;
				CLANG_WARN_SUSPICIOUS_MOVE = YES;
				CLANG_WARN_UNGUARDED_AVAILABILITY = YES_AGGRESSIVE;
				CLANG_WARN_UNREACHABLE_CODE = YES;
				CLANG_WARN__DUPLICATE_METHOD_MATCH = YES;
				COPY_PHASE_STRIP = NO;
				CURRENT_PROJECT_VERSION = 1;
				DEBUG_INFORMATION_FORMAT = dwarf;
				ENABLE_STRICT_OBJC_MSGSEND = YES;
				ENABLE_TESTABILITY = YES;
				GCC_C_LANGUAGE_STANDARD = gnu11;
				GCC_DYNAMIC_NO_PIC = NO;
				GCC_NO_COMMON_BLOCKS = YES;
				GCC_OPTIMIZATION_LEVEL = 0;
				GCC_PREPROCESSOR_DEFINITIONS = (
					"DEBUG=1",
					"$(inherited)",
				);
				GCC_WARN_64_TO_32_BIT_CONVERSION = YES;
				GCC_WARN_ABOUT_RETURN_TYPE = YES_ERROR;
				GCC_WARN_UNDECLARED_SELECTOR = YES;
				GCC_WARN_UNINITIALIZED_AUTOS = YES_AGGRESSIVE;
				GCC_WARN_UNUSED_FUNCTION = YES;
				GCC_WARN_UNUSED_VARIABLE = YES;
				IPHONEOS_DEPLOYMENT_TARGET = 14.5;
				MTL_ENABLE_DEBUG_INFO = INCLUDE_SOURCE;
				MTL_FAST_MATH = YES;
				ONLY_ACTIVE_ARCH = YES;
				SDKROOT = iphoneos;
				SWIFT_ACTIVE_COMPILATION_CONDITIONS = DEBUG;
				SWIFT_OPTIMIZATION_LEVEL = "-Onone";
				VERSIONING_SYSTEM = "apple-generic";
				VERSION_INFO_PREFIX = "";
			};
			name = Debug;
		};
		63F2F3A9277D803E00BA105F /* Release */ = {
			isa = XCBuildConfiguration;
			buildSettings = {
				ALWAYS_SEARCH_USER_PATHS = NO;
				CLANG_ANALYZER_NONNULL = YES;
				CLANG_ANALYZER_NUMBER_OBJECT_CONVERSION = YES_AGGRESSIVE;
				CLANG_CXX_LANGUAGE_STANDARD = "gnu++14";
				CLANG_CXX_LIBRARY = "libc++";
				CLANG_ENABLE_MODULES = YES;
				CLANG_ENABLE_OBJC_ARC = YES;
				CLANG_ENABLE_OBJC_WEAK = YES;
				CLANG_WARN_BLOCK_CAPTURE_AUTORELEASING = YES;
				CLANG_WARN_BOOL_CONVERSION = YES;
				CLANG_WARN_COMMA = YES;
				CLANG_WARN_CONSTANT_CONVERSION = YES;
				CLANG_WARN_DEPRECATED_OBJC_IMPLEMENTATIONS = YES;
				CLANG_WARN_DIRECT_OBJC_ISA_USAGE = YES_ERROR;
				CLANG_WARN_DOCUMENTATION_COMMENTS = YES;
				CLANG_WARN_EMPTY_BODY = YES;
				CLANG_WARN_ENUM_CONVERSION = YES;
				CLANG_WARN_INFINITE_RECURSION = YES;
				CLANG_WARN_INT_CONVERSION = YES;
				CLANG_WARN_NON_LITERAL_NULL_CONVERSION = YES;
				CLANG_WARN_OBJC_IMPLICIT_RETAIN_SELF = YES;
				CLANG_WARN_OBJC_LITERAL_CONVERSION = YES;
				CLANG_WARN_OBJC_ROOT_CLASS = YES_ERROR;
				CLANG_WARN_QUOTED_INCLUDE_IN_FRAMEWORK_HEADER = YES;
				CLANG_WARN_RANGE_LOOP_ANALYSIS = YES;
				CLANG_WARN_STRICT_PROTOTYPES = YES;
				CLANG_WARN_SUSPICIOUS_MOVE = YES;
				CLANG_WARN_UNGUARDED_AVAILABILITY = YES_AGGRESSIVE;
				CLANG_WARN_UNREACHABLE_CODE = YES;
				CLANG_WARN__DUPLICATE_METHOD_MATCH = YES;
				COPY_PHASE_STRIP = NO;
				CURRENT_PROJECT_VERSION = 1;
				DEBUG_INFORMATION_FORMAT = "dwarf-with-dsym";
				ENABLE_NS_ASSERTIONS = NO;
				ENABLE_STRICT_OBJC_MSGSEND = YES;
				GCC_C_LANGUAGE_STANDARD = gnu11;
				GCC_NO_COMMON_BLOCKS = YES;
				GCC_WARN_64_TO_32_BIT_CONVERSION = YES;
				GCC_WARN_ABOUT_RETURN_TYPE = YES_ERROR;
				GCC_WARN_UNDECLARED_SELECTOR = YES;
				GCC_WARN_UNINITIALIZED_AUTOS = YES_AGGRESSIVE;
				GCC_WARN_UNUSED_FUNCTION = YES;
				GCC_WARN_UNUSED_VARIABLE = YES;
				IPHONEOS_DEPLOYMENT_TARGET = 14.5;
				MTL_ENABLE_DEBUG_INFO = NO;
				MTL_FAST_MATH = YES;
				SDKROOT = iphoneos;
				SWIFT_COMPILATION_MODE = wholemodule;
				SWIFT_OPTIMIZATION_LEVEL = "-O";
				VALIDATE_PRODUCT = YES;
				VERSIONING_SYSTEM = "apple-generic";
				VERSION_INFO_PREFIX = "";
			};
			name = Release;
		};
		63F2F3AB277D803E00BA105F /* Debug */ = {
			isa = XCBuildConfiguration;
			buildSettings = {
				CODE_SIGN_STYLE = Automatic;
				DEFINES_MODULE = YES;
				DEVELOPMENT_TEAM = 5N3VTGCRW9;
				DYLIB_COMPATIBILITY_VERSION = 1;
				DYLIB_CURRENT_VERSION = 1;
				DYLIB_INSTALL_NAME_BASE = "@rpath";
				INFOPLIST_FILE = RepoA/Info.plist;
				INSTALL_PATH = "$(LOCAL_LIBRARY_DIR)/Frameworks";
				IPHONEOS_DEPLOYMENT_TARGET = 13.0;
				LD_RUNPATH_SEARCH_PATHS = (
					"$(inherited)",
					"@executable_path/Frameworks",
					"@loader_path/Frameworks",
				);
				PRODUCT_BUNDLE_IDENTIFIER = com.app.RepoA;
				PRODUCT_NAME = "$(TARGET_NAME:c99extidentifier)";
				SKIP_INSTALL = YES;
				SWIFT_VERSION = 5.0;
				TARGETED_DEVICE_FAMILY = "1,2";
			};
			name = Debug;
		};
		63F2F3AC277D803E00BA105F /* Release */ = {
			isa = XCBuildConfiguration;
			buildSettings = {
				CODE_SIGN_STYLE = Automatic;
				DEFINES_MODULE = YES;
				DEVELOPMENT_TEAM = 5N3VTGCRW9;
				DYLIB_COMPATIBILITY_VERSION = 1;
				DYLIB_CURRENT_VERSION = 1;
				DYLIB_INSTALL_NAME_BASE = "@rpath";
				INFOPLIST_FILE = RepoA/Info.plist;
				INSTALL_PATH = "$(LOCAL_LIBRARY_DIR)/Frameworks";
				IPHONEOS_DEPLOYMENT_TARGET = 13.0;
				LD_RUNPATH_SEARCH_PATHS = (
					"$(inherited)",
					"@executable_path/Frameworks",
					"@loader_path/Frameworks",
				);
				PRODUCT_BUNDLE_IDENTIFIER = com.app.RepoA;
				PRODUCT_NAME = "$(TARGET_NAME:c99extidentifier)";
				SKIP_INSTALL = YES;
				SWIFT_VERSION = 5.0;
				TARGETED_DEVICE_FAMILY = "1,2";
			};
			name = Release;
		};
		63F2F3AE277D803E00BA105F /* Debug */ = {
			isa = XCBuildConfiguration;
			buildSettings = {
				ALWAYS_EMBED_SWIFT_STANDARD_LIBRARIES = YES;
				CODE_SIGN_STYLE = Automatic;
				DEVELOPMENT_TEAM = 5N3VTGCRW9;
				INFOPLIST_FILE = RepoATests/Info.plist;
				LD_RUNPATH_SEARCH_PATHS = (
					"$(inherited)",
					"@executable_path/Frameworks",
					"@loader_path/Frameworks",
				);
				PRODUCT_BUNDLE_IDENTIFIER = com.app.RepoATests;
				PRODUCT_NAME = "$(TARGET_NAME)";
				SWIFT_VERSION = 5.0;
				TARGETED_DEVICE_FAMILY = "1,2";
			};
			name = Debug;
		};
		63F2F3AF277D803E00BA105F /* Release */ = {
			isa = XCBuildConfiguration;
			buildSettings = {
				ALWAYS_EMBED_SWIFT_STANDARD_LIBRARIES = YES;
				CODE_SIGN_STYLE = Automatic;
				DEVELOPMENT_TEAM = 5N3VTGCRW9;
				INFOPLIST_FILE = RepoATests/Info.plist;
				LD_RUNPATH_SEARCH_PATHS = (
					"$(inherited)",
					"@executable_path/Frameworks",
					"@loader_path/Frameworks",
				);
				PRODUCT_BUNDLE_IDENTIFIER = com.app.RepoATests;
				PRODUCT_NAME = "$(TARGET_NAME)";
				SWIFT_VERSION = 5.0;
				TARGETED_DEVICE_FAMILY = "1,2";
			};
			name = Release;
		};
/* End XCBuildConfiguration section */

/* Begin XCConfigurationList section */
		63F2F390277D803E00BA105F /* Build configuration list for PBXProject "RepoA" */ = {
			isa = XCConfigurationList;
			buildConfigurations = (
				63F2F3A8277D803E00BA105F /* Debug */,
				63F2F3A9277D803E00BA105F /* Release */,
			);
			defaultConfigurationIsVisible = 0;
			defaultConfigurationName = Release;
		};
		63F2F3AA277D803E00BA105F /* Build configuration list for PBXNativeTarget "RepoA" */ = {
			isa = XCConfigurationList;
			buildConfigurations = (
				63F2F3AB277D803E00BA105F /* Debug */,
				63F2F3AC277D803E00BA105F /* Release */,
			);
			defaultConfigurationIsVisible = 0;
			defaultConfigurationName = Release;
		};
		63F2F3AD277D803E00BA105F /* Build configuration list for PBXNativeTarget "RepoATests" */ = {
			isa = XCConfigurationList;
			buildConfigurations = (
				63F2F3AE277D803E00BA105F /* Debug */,
				63F2F3AF277D803E00BA105F /* Release */,
			);
			defaultConfigurationIsVisible = 0;
			defaultConfigurationName = Release;
		};
/* End XCConfigurationList section */
	};
	rootObject = 63F2F38D277D803E00BA105F /* Project object */;
}
