// !$*UTF8*$!
{
	archiveVersion = 1;
	classes = {
	};
	objectVersion = 50;
	objects = {

/* Begin PBXBuildFile section */
		63F2F33A277D7EA900BA105F /* Tests_iOS.swift in Sources */ = {isa = PBXBuildFile; fileRef = 63F2F339277D7EA900BA105F /* Tests_iOS.swift */; };
		63F2F345277D7EA900BA105F /* Tests_macOS.swift in Sources */ = {isa = PBXBuildFile; fileRef = 63F2F344277D7EA900BA105F /* Tests_macOS.swift */; };
		63F2F347277D7EA900BA105F /* SomeNewProjApp.swift in Sources */ = {isa = PBXBuildFile; fileRef = 63F2F31E277D7EA800BA105F /* SomeNewProjApp.swift */; };
		63F2F348277D7EA900BA105F /* SomeNewProjApp.swift in Sources */ = {isa = PBXBuildFile; fileRef = 63F2F31E277D7EA800BA105F /* SomeNewProjApp.swift */; };
		63F2F349277D7EA900BA105F /* ContentView.swift in Sources */ = {isa = PBXBuildFile; fileRef = 63F2F31F277D7EA800BA105F /* ContentView.swift */; };
		63F2F34A277D7EA900BA105F /* ContentView.swift in Sources */ = {isa = PBXBuildFile; fileRef = 63F2F31F277D7EA800BA105F /* ContentView.swift */; };
		63F2F34B277D7EA900BA105F /* Assets.xcassets in Resources */ = {isa = PBXBuildFile; fileRef = 63F2F320277D7EA900BA105F /* Assets.xcassets */; };
		63F2F34C277D7EA900BA105F /* Assets.xcassets in Resources */ = {isa = PBXBuildFile; fileRef = 63F2F320277D7EA900BA105F /* Assets.xcassets */; };
/* End PBXBuildFile section */

/* Begin PBXContainerItemProxy section */
		63F2F336277D7EA900BA105F /* PBXContainerItemProxy */ = {
			isa = PBXContainerItemProxy;
			containerPortal = 63F2F319277D7EA800BA105F /* Project object */;
			proxyType = 1;
			remoteGlobalIDString = 63F2F324277D7EA900BA105F;
			remoteInfo = "SomeNewProj (iOS)";
		};
		63F2F341277D7EA900BA105F /* PBXContainerItemProxy */ = {
			isa = PBXContainerItemProxy;
			containerPortal = 63F2F319277D7EA800BA105F /* Project object */;
			proxyType = 1;
			remoteGlobalIDString = 63F2F32C277D7EA900BA105F;
			remoteInfo = "SomeNewProj (macOS)";
		};
/* End PBXContainerItemProxy section */

/* Begin PBXFileReference section */
		63F2F31E277D7EA800BA105F /* SomeNewProjApp.swift */ = {isa = PBXFileReference; lastKnownFileType = sourcecode.swift; path = SomeNewProjApp.swift; sourceTree = "<group>"; };
		63F2F31F277D7EA800BA105F /* ContentView.swift */ = {isa = PBXFileReference; lastKnownFileType = sourcecode.swift; path = ContentView.swift; sourceTree = "<group>"; };
		63F2F320277D7EA900BA105F /* Assets.xcassets */ = {isa = PBXFileReference; lastKnownFileType = folder.assetcatalog; path = Assets.xcassets; sourceTree = "<group>"; };
		63F2F325277D7EA900BA105F /* SomeNewProj.app */ = {isa = PBXFileReference; explicitFileType = wrapper.application; includeInIndex = 0; path = SomeNewProj.app; sourceTree = BUILT_PRODUCTS_DIR; };
		63F2F328277D7EA900BA105F /* Info.plist */ = {isa = PBXFileReference; lastKnownFileType = text.plist.xml; path = Info.plist; sourceTree = "<group>"; };
		63F2F32D277D7EA900BA105F /* SomeNewProj.app */ = {isa = PBXFileReference; explicitFileType = wrapper.application; includeInIndex = 0; path = SomeNewProj.app; sourceTree = BUILT_PRODUCTS_DIR; };
		63F2F32F277D7EA900BA105F /* Info.plist */ = {isa = PBXFileReference; lastKnownFileType = text.plist.xml; path = Info.plist; sourceTree = "<group>"; };
		63F2F330277D7EA900BA105F /* macOS.entitlements */ = {isa = PBXFileReference; lastKnownFileType = text.plist.entitlements; path = macOS.entitlements; sourceTree = "<group>"; };
		63F2F335277D7EA900BA105F /* Tests iOS.xctest */ = {isa = PBXFileReference; explicitFileType = wrapper.cfbundle; includeInIndex = 0; path = "Tests iOS.xctest"; sourceTree = BUILT_PRODUCTS_DIR; };
		63F2F339277D7EA900BA105F /* Tests_iOS.swift */ = {isa = PBXFileReference; lastKnownFileType = sourcecode.swift; path = Tests_iOS.swift; sourceTree = "<group>"; };
		63F2F33B277D7EA900BA105F /* Info.plist */ = {isa = PBXFileReference; lastKnownFileType = text.plist.xml; path = Info.plist; sourceTree = "<group>"; };
		63F2F340277D7EA900BA105F /* Tests macOS.xctest */ = {isa = PBXFileReference; explicitFileType = wrapper.cfbundle; includeInIndex = 0; path = "Tests macOS.xctest"; sourceTree = BUILT_PRODUCTS_DIR; };
		63F2F344277D7EA900BA105F /* Tests_macOS.swift */ = {isa = PBXFileReference; lastKnownFileType = sourcecode.swift; path = Tests_macOS.swift; sourceTree = "<group>"; };
		63F2F346277D7EA900BA105F /* Info.plist */ = {isa = PBXFileReference; lastKnownFileType = text.plist.xml; path = Info.plist; sourceTree = "<group>"; };
/* End PBXFileReference section */

/* Begin PBXFrameworksBuildPhase section */
		63F2F322277D7EA900BA105F /* Frameworks */ = {
			isa = PBXFrameworksBuildPhase;
			buildActionMask = 2147483647;
			files = (
			);
			runOnlyForDeploymentPostprocessing = 0;
		};
		63F2F32A277D7EA900BA105F /* Frameworks */ = {
			isa = PBXFrameworksBuildPhase;
			buildActionMask = 2147483647;
			files = (
			);
			runOnlyForDeploymentPostprocessing = 0;
		};
		63F2F332277D7EA900BA105F /* Frameworks */ = {
			isa = PBXFrameworksBuildPhase;
			buildActionMask = 2147483647;
			files = (
			);
			runOnlyForDeploymentPostprocessing = 0;
		};
		63F2F33D277D7EA900BA105F /* Frameworks */ = {
			isa = PBXFrameworksBuildPhase;
			buildActionMask = 2147483647;
			files = (
			);
			runOnlyForDeploymentPostprocessing = 0;
		};
/* End PBXFrameworksBuildPhase section */

/* Begin PBXGroup section */
		63F2F318277D7EA800BA105F = {
			isa = PBXGroup;
			children = (
				63F2F31D277D7EA800BA105F /* Shared */,
				63F2F327277D7EA900BA105F /* iOS */,
				63F2F32E277D7EA900BA105F /* macOS */,
				63F2F338277D7EA900BA105F /* Tests iOS */,
				63F2F343277D7EA900BA105F /* Tests macOS */,
				63F2F326277D7EA900BA105F /* Products */,
			);
			sourceTree = "<group>";
		};
		63F2F31D277D7EA800BA105F /* Shared */ = {
			isa = PBXGroup;
			children = (
				63F2F31E277D7EA800BA105F /* SomeNewProjApp.swift */,
				63F2F31F277D7EA800BA105F /* ContentView.swift */,
				63F2F320277D7EA900BA105F /* Assets.xcassets */,
			);
			path = Shared;
			sourceTree = "<group>";
		};
		63F2F326277D7EA900BA105F /* Products */ = {
			isa = PBXGroup;
			children = (
				63F2F325277D7EA900BA105F /* SomeNewProj.app */,
				63F2F32D277D7EA900BA105F /* SomeNewProj.app */,
				63F2F335277D7EA900BA105F /* Tests iOS.xctest */,
				63F2F340277D7EA900BA105F /* Tests macOS.xctest */,
			);
			name = Products;
			sourceTree = "<group>";
		};
		63F2F327277D7EA900BA105F /* iOS */ = {
			isa = PBXGroup;
			children = (
				63F2F328277D7EA900BA105F /* Info.plist */,
			);
			path = iOS;
			sourceTree = "<group>";
		};
		63F2F32E277D7EA900BA105F /* macOS */ = {
			isa = PBXGroup;
			children = (
				63F2F32F277D7EA900BA105F /* Info.plist */,
				63F2F330277D7EA900BA105F /* macOS.entitlements */,
			);
			path = macOS;
			sourceTree = "<group>";
		};
		63F2F338277D7EA900BA105F /* Tests iOS */ = {
			isa = PBXGroup;
			children = (
				63F2F339277D7EA900BA105F /* Tests_iOS.swift */,
				63F2F33B277D7EA900BA105F /* Info.plist */,
			);
			path = "Tests iOS";
			sourceTree = "<group>";
		};
		63F2F343277D7EA900BA105F /* Tests macOS */ = {
			isa = PBXGroup;
			children = (
				63F2F344277D7EA900BA105F /* Tests_macOS.swift */,
				63F2F346277D7EA900BA105F /* Info.plist */,
			);
			path = "Tests macOS";
			sourceTree = "<group>";
		};
/* End PBXGroup section */

/* Begin PBXNativeTarget section */
		63F2F324277D7EA900BA105F /* SomeNewProj (iOS) */ = {
			isa = PBXNativeTarget;
			buildConfigurationList = 63F2F34F277D7EA900BA105F /* Build configuration list for PBXNativeTarget "SomeNewProj (iOS)" */;
			buildPhases = (
				63F2F321277D7EA900BA105F /* Sources */,
				63F2F322277D7EA900BA105F /* Frameworks */,
				63F2F323277D7EA900BA105F /* Resources */,
			);
			buildRules = (
			);
			dependencies = (
			);
			name = "SomeNewProj (iOS)";
			productName = "SomeNewProj (iOS)";
			productReference = 63F2F325277D7EA900BA105F /* SomeNewProj.app */;
			productType = "com.apple.product-type.application";
		};
		63F2F32C277D7EA900BA105F /* SomeNewProj (macOS) */ = {
			isa = PBXNativeTarget;
			buildConfigurationList = 63F2F352277D7EA900BA105F /* Build configuration list for PBXNativeTarget "SomeNewProj (macOS)" */;
			buildPhases = (
				63F2F329277D7EA900BA105F /* Sources */,
				63F2F32A277D7EA900BA105F /* Frameworks */,
				63F2F32B277D7EA900BA105F /* Resources */,
			);
			buildRules = (
			);
			dependencies = (
			);
			name = "SomeNewProj (macOS)";
			productName = "SomeNewProj (macOS)";
			productReference = 63F2F32D277D7EA900BA105F /* SomeNewProj.app */;
			productType = "com.apple.product-type.application";
		};
		63F2F334277D7EA900BA105F /* Tests iOS */ = {
			isa = PBXNativeTarget;
			buildConfigurationList = 63F2F355277D7EA900BA105F /* Build configuration list for PBXNativeTarget "Tests iOS" */;
			buildPhases = (
				63F2F331277D7EA900BA105F /* Sources */,
				63F2F332277D7EA900BA105F /* Frameworks */,
				63F2F333277D7EA900BA105F /* Resources */,
			);
			buildRules = (
			);
			dependencies = (
				63F2F337277D7EA900BA105F /* PBXTargetDependency */,
			);
			name = "Tests iOS";
			productName = "Tests iOS";
			productReference = 63F2F335277D7EA900BA105F /* Tests iOS.xctest */;
			productType = "com.apple.product-type.bundle.ui-testing";
		};
		63F2F33F277D7EA900BA105F /* Tests macOS */ = {
			isa = PBXNativeTarget;
			buildConfigurationList = 63F2F358277D7EA900BA105F /* Build configuration list for PBXNativeTarget "Tests macOS" */;
			buildPhases = (
				63F2F33C277D7EA900BA105F /* Sources */,
				63F2F33D277D7EA900BA105F /* Frameworks */,
				63F2F33E277D7EA900BA105F /* Resources */,
			);
			buildRules = (
			);
			dependencies = (
				63F2F342277D7EA900BA105F /* PBXTargetDependency */,
			);
			name = "Tests macOS";
			productName = "Tests macOS";
			productReference = 63F2F340277D7EA900BA105F /* Tests macOS.xctest */;
			productType = "com.apple.product-type.bundle.ui-testing";
		};
/* End PBXNativeTarget section */

/* Begin PBXProject section */
		63F2F319277D7EA800BA105F /* Project object */ = {
			isa = PBXProject;
			attributes = {
				LastSwiftUpdateCheck = 1250;
				LastUpgradeCheck = 1250;
				TargetAttributes = {
					63F2F324277D7EA900BA105F = {
						CreatedOnToolsVersion = 12.5.1;
					};
					63F2F32C277D7EA900BA105F = {
						CreatedOnToolsVersion = 12.5.1;
					};
					63F2F334277D7EA900BA105F = {
						CreatedOnToolsVersion = 12.5.1;
						TestTargetID = 63F2F324277D7EA900BA105F;
					};
					63F2F33F277D7EA900BA105F = {
						CreatedOnToolsVersion = 12.5.1;
						TestTargetID = 63F2F32C277D7EA900BA105F;
					};
				};
			};
			buildConfigurationList = 63F2F31C277D7EA800BA105F /* Build configuration list for PBXProject "SomeNewProj" */;
			compatibilityVersion = "Xcode 9.3";
			developmentRegion = en;
			hasScannedForEncodings = 0;
			knownRegions = (
				en,
				Base,
			);
			mainGroup = 63F2F318277D7EA800BA105F;
			productRefGroup = 63F2F326277D7EA900BA105F /* Products */;
			projectDirPath = "";
			projectRoot = "";
			targets = (
				63F2F324277D7EA900BA105F /* SomeNewProj (iOS) */,
				63F2F32C277D7EA900BA105F /* SomeNewProj (macOS) */,
				63F2F334277D7EA900BA105F /* Tests iOS */,
				63F2F33F277D7EA900BA105F /* Tests macOS */,
			);
		};
/* End PBXProject section */

/* Begin PBXResourcesBuildPhase section */
		63F2F323277D7EA900BA105F /* Resources */ = {
			isa = PBXResourcesBuildPhase;
			buildActionMask = 2147483647;
			files = (
				63F2F34B277D7EA900BA105F /* Assets.xcassets in Resources */,
			);
			runOnlyForDeploymentPostprocessing = 0;
		};
		63F2F32B277D7EA900BA105F /* Resources */ = {
			isa = PBXResourcesBuildPhase;
			buildActionMask = 2147483647;
			files = (
				63F2F34C277D7EA900BA105F /* Assets.xcassets in Resources */,
			);
			runOnlyForDeploymentPostprocessing = 0;
		};
		63F2F333277D7EA900BA105F /* Resources */ = {
			isa = PBXResourcesBuildPhase;
			buildActionMask = 2147483647;
			files = (
			);
			runOnlyForDeploymentPostprocessing = 0;
		};
		63F2F33E277D7EA900BA105F /* Resources */ = {
			isa = PBXResourcesBuildPhase;
			buildActionMask = 2147483647;
			files = (
			);
			runOnlyForDeploymentPostprocessing = 0;
		};
/* End PBXResourcesBuildPhase section */

/* Begin PBXSourcesBuildPhase section */
		63F2F321277D7EA900BA105F /* Sources */ = {
			isa = PBXSourcesBuildPhase;
			buildActionMask = 2147483647;
			files = (
				63F2F349277D7EA900BA105F /* ContentView.swift in Sources */,
				63F2F347277D7EA900BA105F /* SomeNewProjApp.swift in Sources */,
			);
			runOnlyForDeploymentPostprocessing = 0;
		};
		63F2F329277D7EA900BA105F /* Sources */ = {
			isa = PBXSourcesBuildPhase;
			buildActionMask = 2147483647;
			files = (
				63F2F34A277D7EA900BA105F /* ContentView.swift in Sources */,
				63F2F348277D7EA900BA105F /* SomeNewProjApp.swift in Sources */,
			);
			runOnlyForDeploymentPostprocessing = 0;
		};
		63F2F331277D7EA900BA105F /* Sources */ = {
			isa = PBXSourcesBuildPhase;
			buildActionMask = 2147483647;
			files = (
				63F2F33A277D7EA900BA105F /* Tests_iOS.swift in Sources */,
			);
			runOnlyForDeploymentPostprocessing = 0;
		};
		63F2F33C277D7EA900BA105F /* Sources */ = {
			isa = PBXSourcesBuildPhase;
			buildActionMask = 2147483647;
			files = (
				63F2F345277D7EA900BA105F /* Tests_macOS.swift in Sources */,
			);
			runOnlyForDeploymentPostprocessing = 0;
		};
/* End PBXSourcesBuildPhase section */

/* Begin PBXTargetDependency section */
		63F2F337277D7EA900BA105F /* PBXTargetDependency */ = {
			isa = PBXTargetDependency;
			target = 63F2F324277D7EA900BA105F /* SomeNewProj (iOS) */;
			targetProxy = 63F2F336277D7EA900BA105F /* PBXContainerItemProxy */;
		};
		63F2F342277D7EA900BA105F /* PBXTargetDependency */ = {
			isa = PBXTargetDependency;
			target = 63F2F32C277D7EA900BA105F /* SomeNewProj (macOS) */;
			targetProxy = 63F2F341277D7EA900BA105F /* PBXContainerItemProxy */;
		};
/* End PBXTargetDependency section */

/* Begin XCBuildConfiguration section */
		63F2F34D277D7EA900BA105F /* Debug */ = {
			isa = XCBuildConfiguration;
			buildSettings = {
				ALWAYS_SEARCH_USER_PATHS = NO;
				CLANG_ANALYZER_NONNULL = YES;
				CLANG_ANALYZER_NUMBER_OBJECT_CONVERSION = YES_AGGRESSIVE;
				CLANG_CXX_LANGUAGE_STANDARD = "gnu++14";
				CLANG_CXX_LIBRARY = "libc++";
				CLANG_ENABLE_MODULES = YES;
				CLANG_ENABLE_OBJC_ARC = YES;
				CLANG_ENABLE_OBJC_WEAK = YES;
				CLANG_WARN_BLOCK_CAPTURE_AUTORELEASING = YES;
				CLANG_WARN_BOOL_CONVERSION = YES;
				CLANG_WARN_COMMA = YES;
				CLANG_WARN_CONSTANT_CONVERSION = YES;
				CLANG_WARN_DEPRECATED_OBJC_IMPLEMENTATIONS = YES;
				CLANG_WARN_DIRECT_OBJC_ISA_USAGE = YES_ERROR;
				CLANG_WARN_DOCUMENTATION_COMMENTS = YES;
				CLANG_WARN_EMPTY_BODY = YES;
				CLANG_WARN_ENUM_CONVERSION = YES;
				CLANG_WARN_INFINITE_RECURSION = YES;
				CLANG_WARN_INT_CONVERSION = YES;
				CLANG_WARN_NON_LITERAL_NULL_CONVERSION = YES;
				CLANG_WARN_OBJC_IMPLICIT_RETAIN_SELF = YES;
				CLANG_WARN_OBJC_LITERAL_CONVERSION = YES;
				CLANG_WARN_OBJC_ROOT_CLASS = YES_ERROR;
				CLANG_WARN_QUOTED_INCLUDE_IN_FRAMEWORK_HEADER = YES;
				CLANG_WARN_RANGE_LOOP_ANALYSIS = YES;
				CLANG_WARN_STRICT_PROTOTYPES = YES;
				CLANG_WARN_SUSPICIOUS_MOVE = YES;
				CLANG_WARN_UNGUARDED_AVAILABILITY = YES_AGGRESSIVE;
				CLANG_WARN_UNREACHABLE_CODE = YES;
				CLANG_WARN__DUPLICATE_METHOD_MATCH = YES;
				COPY_PHASE_STRIP = NO;
				DEBUG_INFORMATION_FORMAT = dwarf;
				ENABLE_STRICT_OBJC_MSGSEND = YES;
				ENABLE_TESTABILITY = YES;
				GCC_C_LANGUAGE_STANDARD = gnu11;
				GCC_DYNAMIC_NO_PIC = NO;
				GCC_NO_COMMON_BLOCKS = YES;
				GCC_OPTIMIZATION_LEVEL = 0;
				GCC_PREPROCESSOR_DEFINITIONS = (
					"DEBUG=1",
					"$(inherited)",
				);
				GCC_WARN_64_TO_32_BIT_CONVERSION = YES;
				GCC_WARN_ABOUT_RETURN_TYPE = YES_ERROR;
				GCC_WARN_UNDECLARED_SELECTOR = YES;
				GCC_WARN_UNINITIALIZED_AUTOS = YES_AGGRESSIVE;
				GCC_WARN_UNUSED_FUNCTION = YES;
				GCC_WARN_UNUSED_VARIABLE = YES;
				MTL_ENABLE_DEBUG_INFO = INCLUDE_SOURCE;
				MTL_FAST_MATH = YES;
				ONLY_ACTIVE_ARCH = YES;
				SWIFT_ACTIVE_COMPILATION_CONDITIONS = DEBUG;
				SWIFT_OPTIMIZATION_LEVEL = "-Onone";
			};
			name = Debug;
		};
		63F2F34E277D7EA900BA105F /* Release */ = {
			isa = XCBuildConfiguration;
			buildSettings = {
				ALWAYS_SEARCH_USER_PATHS = NO;
				CLANG_ANALYZER_NONNULL = YES;
				CLANG_ANALYZER_NUMBER_OBJECT_CONVERSION = YES_AGGRESSIVE;
				CLANG_CXX_LANGUAGE_STANDARD = "gnu++14";
				CLANG_CXX_LIBRARY = "libc++";
				CLANG_ENABLE_MODULES = YES;
				CLANG_ENABLE_OBJC_ARC = YES;
				CLANG_ENABLE_OBJC_WEAK = YES;
				CLANG_WARN_BLOCK_CAPTURE_AUTORELEASING = YES;
				CLANG_WARN_BOOL_CONVERSION = YES;
				CLANG_WARN_COMMA = YES;
				CLANG_WARN_CONSTANT_CONVERSION = YES;
				CLANG_WARN_DEPRECATED_OBJC_IMPLEMENTATIONS = YES;
				CLANG_WARN_DIRECT_OBJC_ISA_USAGE = YES_ERROR;
				CLANG_WARN_DOCUMENTATION_COMMENTS = YES;
				CLANG_WARN_EMPTY_BODY = YES;
				CLANG_WARN_ENUM_CONVERSION = YES;
				CLANG_WARN_INFINITE_RECURSION = YES;
				CLANG_WARN_INT_CONVERSION = YES;
				CLANG_WARN_NON_LITERAL_NULL_CONVERSION = YES;
				CLANG_WARN_OBJC_IMPLICIT_RETAIN_SELF = YES;
				CLANG_WARN_OBJC_LITERAL_CONVERSION = YES;
				CLANG_WARN_OBJC_ROOT_CLASS = YES_ERROR;
				CLANG_WARN_QUOTED_INCLUDE_IN_FRAMEWORK_HEADER = YES;
				CLANG_WARN_RANGE_LOOP_ANALYSIS = YES;
				CLANG_WARN_STRICT_PROTOTYPES = YES;
				CLANG_WARN_SUSPICIOUS_MOVE = YES;
				CLANG_WARN_UNGUARDED_AVAILABILITY = YES_AGGRESSIVE;
				CLANG_WARN_UNREACHABLE_CODE = YES;
				CLANG_WARN__DUPLICATE_METHOD_MATCH = YES;
				COPY_PHASE_STRIP = NO;
				DEBUG_INFORMATION_FORMAT = "dwarf-with-dsym";
				ENABLE_NS_ASSERTIONS = NO;
				ENABLE_STRICT_OBJC_MSGSEND = YES;
				GCC_C_LANGUAGE_STANDARD = gnu11;
				GCC_NO_COMMON_BLOCKS = YES;
				GCC_WARN_64_TO_32_BIT_CONVERSION = YES;
				GCC_WARN_ABOUT_RETURN_TYPE = YES_ERROR;
				GCC_WARN_UNDECLARED_SELECTOR = YES;
				GCC_WARN_UNINITIALIZED_AUTOS = YES_AGGRESSIVE;
				GCC_WARN_UNUSED_FUNCTION = YES;
				GCC_WARN_UNUSED_VARIABLE = YES;
				MTL_ENABLE_DEBUG_INFO = NO;
				MTL_FAST_MATH = YES;
				SWIFT_COMPILATION_MODE = wholemodule;
				SWIFT_OPTIMIZATION_LEVEL = "-O";
			};
			name = Release;
		};
		63F2F350277D7EA900BA105F /* Debug */ = {
			isa = XCBuildConfiguration;
			buildSettings = {
				ASSETCATALOG_COMPILER_APPICON_NAME = AppIcon;
				ASSETCATALOG_COMPILER_GLOBAL_ACCENT_COLOR_NAME = AccentColor;
				CODE_SIGN_STYLE = Automatic;
				DEVELOPMENT_TEAM = 5N3VTGCRW9;
				ENABLE_PREVIEWS = YES;
				INFOPLIST_FILE = iOS/Info.plist;
				IPHONEOS_DEPLOYMENT_TARGET = 14.0;
				LD_RUNPATH_SEARCH_PATHS = (
					"$(inherited)",
					"@executable_path/Frameworks",
				);
				PRODUCT_BUNDLE_IDENTIFIER = com.app.SomeNewProj;
				PRODUCT_NAME = SomeNewProj;
				SDKROOT = iphoneos;
				SWIFT_VERSION = 5.0;
				TARGETED_DEVICE_FAMILY = "1,2";
			};
			name = Debug;
		};
		63F2F351277D7EA900BA105F /* Release */ = {
			isa = XCBuildConfiguration;
			buildSettings = {
				ASSETCATALOG_COMPILER_APPICON_NAME = AppIcon;
				ASSETCATALOG_COMPILER_GLOBAL_ACCENT_COLOR_NAME = AccentColor;
				CODE_SIGN_STYLE = Automatic;
				DEVELOPMENT_TEAM = 5N3VTGCRW9;
				ENABLE_PREVIEWS = YES;
				INFOPLIST_FILE = iOS/Info.plist;
				IPHONEOS_DEPLOYMENT_TARGET = 14.0;
				LD_RUNPATH_SEARCH_PATHS = (
					"$(inherited)",
					"@executable_path/Frameworks",
				);
				PRODUCT_BUNDLE_IDENTIFIER = com.app.SomeNewProj;
				PRODUCT_NAME = SomeNewProj;
				SDKROOT = iphoneos;
				SWIFT_VERSION = 5.0;
				TARGETED_DEVICE_FAMILY = "1,2";
				VALIDATE_PRODUCT = YES;
			};
			name = Release;
		};
		63F2F353277D7EA900BA105F /* Debug */ = {
			isa = XCBuildConfiguration;
			buildSettings = {
				ASSETCATALOG_COMPILER_APPICON_NAME = AppIcon;
				ASSETCATALOG_COMPILER_GLOBAL_ACCENT_COLOR_NAME = AccentColor;
				CODE_SIGN_ENTITLEMENTS = macOS/macOS.entitlements;
				CODE_SIGN_STYLE = Automatic;
				COMBINE_HIDPI_IMAGES = YES;
				DEVELOPMENT_TEAM = 5N3VTGCRW9;
				ENABLE_HARDENED_RUNTIME = YES;
				ENABLE_PREVIEWS = YES;
				INFOPLIST_FILE = macOS/Info.plist;
				LD_RUNPATH_SEARCH_PATHS = (
					"$(inherited)",
					"@executable_path/../Frameworks",
				);
				MACOSX_DEPLOYMENT_TARGET = 11.0;
				PRODUCT_BUNDLE_IDENTIFIER = com.app.SomeNewProj;
				PRODUCT_NAME = SomeNewProj;
				SDKROOT = macosx;
				SWIFT_VERSION = 5.0;
			};
			name = Debug;
		};
		63F2F354277D7EA900BA105F /* Release */ = {
			isa = XCBuildConfiguration;
			buildSettings = {
				ASSETCATALOG_COMPILER_APPICON_NAME = AppIcon;
				ASSETCATALOG_COMPILER_GLOBAL_ACCENT_COLOR_NAME = AccentColor;
				CODE_SIGN_ENTITLEMENTS = macOS/macOS.entitlements;
				CODE_SIGN_STYLE = Automatic;
				COMBINE_HIDPI_IMAGES = YES;
				DEVELOPMENT_TEAM = 5N3VTGCRW9;
				ENABLE_HARDENED_RUNTIME = YES;
				ENABLE_PREVIEWS = YES;
				INFOPLIST_FILE = macOS/Info.plist;
				LD_RUNPATH_SEARCH_PATHS = (
					"$(inherited)",
					"@executable_path/../Frameworks",
				);
				MACOSX_DEPLOYMENT_TARGET = 11.0;
				PRODUCT_BUNDLE_IDENTIFIER = com.app.SomeNewProj;
				PRODUCT_NAME = SomeNewProj;
				SDKROOT = macosx;
				SWIFT_VERSION = 5.0;
			};
			name = Release;
		};
		63F2F356277D7EA900BA105F /* Debug */ = {
			isa = XCBuildConfiguration;
			buildSettings = {
				ALWAYS_EMBED_SWIFT_STANDARD_LIBRARIES = YES;
				CODE_SIGN_STYLE = Automatic;
				DEVELOPMENT_TEAM = 5N3VTGCRW9;
				INFOPLIST_FILE = "Tests iOS/Info.plist";
				IPHONEOS_DEPLOYMENT_TARGET = 14.5;
				LD_RUNPATH_SEARCH_PATHS = (
					"$(inherited)",
					"@executable_path/Frameworks",
					"@loader_path/Frameworks",
				);
				PRODUCT_BUNDLE_IDENTIFIER = "com.app.Tests-iOS";
				PRODUCT_NAME = "$(TARGET_NAME)";
				SDKROOT = iphoneos;
				SWIFT_VERSION = 5.0;
				TARGETED_DEVICE_FAMILY = "1,2";
				TEST_TARGET_NAME = "SomeNewProj (iOS)";
			};
			name = Debug;
		};
		63F2F357277D7EA900BA105F /* Release */ = {
			isa = XCBuildConfiguration;
			buildSettings = {
				ALWAYS_EMBED_SWIFT_STANDARD_LIBRARIES = YES;
				CODE_SIGN_STYLE = Automatic;
				DEVELOPMENT_TEAM = 5N3VTGCRW9;
				INFOPLIST_FILE = "Tests iOS/Info.plist";
				IPHONEOS_DEPLOYMENT_TARGET = 14.5;
				LD_RUNPATH_SEARCH_PATHS = (
					"$(inherited)",
					"@executable_path/Frameworks",
					"@loader_path/Frameworks",
				);
				PRODUCT_BUNDLE_IDENTIFIER = "com.app.Tests-iOS";
				PRODUCT_NAME = "$(TARGET_NAME)";
				SDKROOT = iphoneos;
				SWIFT_VERSION = 5.0;
				TARGETED_DEVICE_FAMILY = "1,2";
				TEST_TARGET_NAME = "SomeNewProj (iOS)";
				VALIDATE_PRODUCT = YES;
			};
			name = Release;
		};
		63F2F359277D7EA900BA105F /* Debug */ = {
			isa = XCBuildConfiguration;
			buildSettings = {
				ALWAYS_EMBED_SWIFT_STANDARD_LIBRARIES = YES;
				CODE_SIGN_STYLE = Automatic;
				COMBINE_HIDPI_IMAGES = YES;
				DEVELOPMENT_TEAM = 5N3VTGCRW9;
				INFOPLIST_FILE = "Tests macOS/Info.plist";
				LD_RUNPATH_SEARCH_PATHS = (
					"$(inherited)",
					"@executable_path/../Frameworks",
					"@loader_path/../Frameworks",
				);
				MACOSX_DEPLOYMENT_TARGET = 11.3;
				PRODUCT_BUNDLE_IDENTIFIER = "com.app.Tests-macOS";
				PRODUCT_NAME = "$(TARGET_NAME)";
				SDKROOT = macosx;
				SWIFT_VERSION = 5.0;
				TEST_TARGET_NAME = "SomeNewProj (macOS)";
			};
			name = Debug;
		};
		63F2F35A277D7EA900BA105F /* Release */ = {
			isa = XCBuildConfiguration;
			buildSettings = {
				ALWAYS_EMBED_SWIFT_STANDARD_LIBRARIES = YES;
				CODE_SIGN_STYLE = Automatic;
				COMBINE_HIDPI_IMAGES = YES;
				DEVELOPMENT_TEAM = 5N3VTGCRW9;
				INFOPLIST_FILE = "Tests macOS/Info.plist";
				LD_RUNPATH_SEARCH_PATHS = (
					"$(inherited)",
					"@executable_path/../Frameworks",
					"@loader_path/../Frameworks",
				);
				MACOSX_DEPLOYMENT_TARGET = 11.3;
				PRODUCT_BUNDLE_IDENTIFIER = "com.app.Tests-macOS";
				PRODUCT_NAME = "$(TARGET_NAME)";
				SDKROOT = macosx;
				SWIFT_VERSION = 5.0;
				TEST_TARGET_NAME = "SomeNewProj (macOS)";
			};
			name = Release;
		};
/* End XCBuildConfiguration section */

/* Begin XCConfigurationList section */
		63F2F31C277D7EA800BA105F /* Build configuration list for PBXProject "SomeNewProj" */ = {
			isa = XCConfigurationList;
			buildConfigurations = (
				63F2F34D277D7EA900BA105F /* Debug */,
				63F2F34E277D7EA900BA105F /* Release */,
			);
			defaultConfigurationIsVisible = 0;
			defaultConfigurationName = Release;
		};
		63F2F34F277D7EA900BA105F /* Build configuration list for PBXNativeTarget "SomeNewProj (iOS)" */ = {
			isa = XCConfigurationList;
			buildConfigurations = (
				63F2F350277D7EA900BA105F /* Debug */,
				63F2F351277D7EA900BA105F /* Release */,
			);
			defaultConfigurationIsVisible = 0;
			defaultConfigurationName = Release;
		};
		63F2F352277D7EA900BA105F /* Build configuration list for PBXNativeTarget "SomeNewProj (macOS)" */ = {
			isa = XCConfigurationList;
			buildConfigurations = (
				63F2F353277D7EA900BA105F /* Debug */,
				63F2F354277D7EA900BA105F /* Release */,
			);
			defaultConfigurationIsVisible = 0;
			defaultConfigurationName = Release;
		};
		63F2F355277D7EA900BA105F /* Build configuration list for PBXNativeTarget "Tests iOS" */ = {
			isa = XCConfigurationList;
			buildConfigurations = (
				63F2F356277D7EA900BA105F /* Debug */,
				63F2F357277D7EA900BA105F /* Release */,
			);
			defaultConfigurationIsVisible = 0;
			defaultConfigurationName = Release;
		};
		63F2F358277D7EA900BA105F /* Build configuration list for PBXNativeTarget "Tests macOS" */ = {
			isa = XCConfigurationList;
			buildConfigurations = (
				63F2F359277D7EA900BA105F /* Debug */,
				63F2F35A277D7EA900BA105F /* Release */,
			);
			defaultConfigurationIsVisible = 0;
			defaultConfigurationName = Release;
		};
/* End XCConfigurationList section */
	};
	rootObject = 63F2F319277D7EA800BA105F /* Project object */;
}
